
Microsoft Visual Studio Solution File, Format Version 12.00
# Visual Studio 2015
Project("{FAE04EC0-301F-11D3-BF4B-00C04F79EFBC}") = "Ring Jumper.CSharp", "Ring Jumper.CSharp.csproj", "{77A97A4A-D7DA-9553-6395-108C016307CC}"
EndProject
Global
	GlobalSection(SolutionConfigurationPlatforms) = preSolution
		Debug|Any CPU = Debug|Any CPU
		Release|Any CPU = Release|Any CPU
	EndGlobalSection
	GlobalSection(ProjectConfigurationPlatforms) = postSolution
		{77A97A4A-D7DA-9553-6395-108C016307CC}.Debug|Any CPU.ActiveCfg = Debug|Any CPU
		{77A97A4A-D7DA-9553-6395-108C016307CC}.Debug|Any CPU.Build.0 = Debug|Any CPU
		{77A97A4A-D7DA-9553-6395-108C016307CC}.Release|Any CPU.ActiveCfg = Release|Any CPU
		{77A97A4A-D7DA-9553-6395-108C016307CC}.Release|Any CPU.Build.0 = Release|Any CPU
	EndGlobalSection
	GlobalSection(SolutionProperties) = preSolution
		HideSolutionNode = FALSE
	EndGlobalSection
EndGlobal
